
Microsoft Visual Studio Solution File, Format Version 12.00
# Visual Studio 15
VisualStudioVersion = 15.0.28307.572
MinimumVisualStudioVersion = 10.0.40219.1
Project("{FAE04EC0-301F-11D3-BF4B-00C04F79EFBC}") = "Mvc_PDF", "Mvc_PDF\Mvc_PDF.csproj", "{F8D96015-3A8F-4020-AB97-9BC39356B714}"
EndProject
Global
	GlobalSection(SolutionConfigurationPlatforms) = preSolution
		Debug|Any CPU = Debug|Any CPU
		Release|Any CPU = Release|Any CPU
	EndGlobalSection
	GlobalSection(ProjectConfigurationPlatforms) = postSolution
		{F8D96015-3A8F-4020-AB97-9BC39356B714}.Debug|Any CPU.ActiveCfg = Debug|Any CPU
		{F8D96015-3A8F-4020-AB97-9BC39356B714}.Debug|Any CPU.Build.0 = Debug|Any CPU
		{F8D96015-3A8F-4020-AB97-9BC39356B714}.Release|Any CPU.ActiveCfg = Release|Any CPU
		{F8D96015-3A8F-4020-AB97-9BC39356B714}.Release|Any CPU.Build.0 = Release|Any CPU
	EndGlobalSection
	GlobalSection(SolutionProperties) = preSolution
		HideSolutionNode = FALSE
	EndGlobalSection
	GlobalSection(ExtensibilityGlobals) = postSolution
		SolutionGuid = {111FCB7A-0657-44A9-8AEB-02FD9601A87C}
	EndGlobalSection
EndGlobal
